
Microsoft Visual Studio Solution File, Format Version 12.00
# Visual Studio Version 16
VisualStudioVersion = 16.0.30503.244
MinimumVisualStudioVersion = 10.0.40219.1
Project("{FAE04EC0-301F-11D3-BF4B-00C04F79EFBC}") = "ProfiCAD2Dxf", "Export2Dxf\ProfiCAD2Dxf.csproj", "{CADCC099-D6E1-4D90-86B8-85D7DB1EFE6D}"
	ProjectSection(ProjectDependencies) = postProject
		{E4692CFB-F467-4F4B-A70E-A33C8E4A4948} = {E4692CFB-F467-4F4B-A70E-A33C8E4A4948}
	EndProjectSection
EndProject
Project("{FAE04EC0-301F-11D3-BF4B-00C04F79EFBC}") = "Loader", "Loader\Loader.csproj", "{E4692CFB-F467-4F4B-A70E-A33C8E4A4948}"
EndProject
Project("{FAE04EC0-301F-11D3-BF4B-00C04F79EFBC}") = "Dxf2ProfiCAD", "Dxf2ProfiCAD\Dxf2ProfiCAD.csproj", "{6E7E7363-AF2E-4BCE-855D-B5BB9FC643B2}"
EndProject
Project("{FAE04EC0-301F-11D3-BF4B-00C04F79EFBC}") = "A2IDLL", "A2IDLL\A2IDLL.csproj", "{667333E1-9350-4BCD-91CD-A6D7784E9E0E}"
EndProject
Project("{FAE04EC0-301F-11D3-BF4B-00C04F79EFBC}") = "A2IEXE", "A2IEXE\A2IEXE.csproj", "{56BB60EF-EAE1-4E80-8E71-F1E465755C3D}"
EndProject
Project("{FAE04EC0-301F-11D3-BF4B-00C04F79EFBC}") = "DxfExportSample", "DxfExportSample\DxfExportSample.csproj", "{9CF6B6F2-0692-447C-93FF-AFBAE6462D74}"
EndProject
Project("{2150E333-8FDC-42A3-9474-1A3956D46DE8}") = "Solution Items", "Solution Items", "{AF0B7542-3EE0-4645-A2F6-B51E712FC19D}"
	ProjectSection(SolutionItems) = preProject
		Performance1.psess = Performance1.psess
	EndProjectSection
EndProject
Project("{FAE04EC0-301F-11D3-BF4B-00C04F79EFBC}") = "Tester", "Tester\Tester.csproj", "{EE4D9238-F1E5-4BE6-B83E-DFD28846EBF4}"
EndProject
Project("{FAE04EC0-301F-11D3-BF4B-00C04F79EFBC}") = "Core", "Core\Core.csproj", "{C2460D61-F733-48E4-A53A-6B875D647911}"
EndProject
Global
	GlobalSection(SolutionConfigurationPlatforms) = preSolution
		Debug|Any CPU = Debug|Any CPU
		Release|Any CPU = Release|Any CPU
	EndGlobalSection
	GlobalSection(ProjectConfigurationPlatforms) = postSolution
		{CADCC099-D6E1-4D90-86B8-85D7DB1EFE6D}.Debug|Any CPU.ActiveCfg = Debug|Any CPU
		{CADCC099-D6E1-4D90-86B8-85D7DB1EFE6D}.Debug|Any CPU.Build.0 = Debug|Any CPU
		{CADCC099-D6E1-4D90-86B8-85D7DB1EFE6D}.Release|Any CPU.ActiveCfg = Release|Any CPU
		{CADCC099-D6E1-4D90-86B8-85D7DB1EFE6D}.Release|Any CPU.Build.0 = Release|Any CPU
		{E4692CFB-F467-4F4B-A70E-A33C8E4A4948}.Debug|Any CPU.ActiveCfg = Debug|Any CPU
		{E4692CFB-F467-4F4B-A70E-A33C8E4A4948}.Debug|Any CPU.Build.0 = Debug|Any CPU
		{E4692CFB-F467-4F4B-A70E-A33C8E4A4948}.Release|Any CPU.ActiveCfg = Release|Any CPU
		{E4692CFB-F467-4F4B-A70E-A33C8E4A4948}.Release|Any CPU.Build.0 = Release|Any CPU
		{6E7E7363-AF2E-4BCE-855D-B5BB9FC643B2}.Debug|Any CPU.ActiveCfg = Debug|Any CPU
		{6E7E7363-AF2E-4BCE-855D-B5BB9FC643B2}.Debug|Any CPU.Build.0 = Debug|Any CPU
		{6E7E7363-AF2E-4BCE-855D-B5BB9FC643B2}.Release|Any CPU.ActiveCfg = Release|Any CPU
		{667333E1-9350-4BCD-91CD-A6D7784E9E0E}.Debug|Any CPU.ActiveCfg = Debug|Any CPU
		{667333E1-9350-4BCD-91CD-A6D7784E9E0E}.Debug|Any CPU.Build.0 = Debug|Any CPU
		{667333E1-9350-4BCD-91CD-A6D7784E9E0E}.Release|Any CPU.ActiveCfg = Release|Any CPU
		{667333E1-9350-4BCD-91CD-A6D7784E9E0E}.Release|Any CPU.Build.0 = Release|Any CPU
		{56BB60EF-EAE1-4E80-8E71-F1E465755C3D}.Debug|Any CPU.ActiveCfg = Debug|Any CPU
		{56BB60EF-EAE1-4E80-8E71-F1E465755C3D}.Debug|Any CPU.Build.0 = Debug|Any CPU
		{56BB60EF-EAE1-4E80-8E71-F1E465755C3D}.Release|Any CPU.ActiveCfg = Release|Any CPU
		{56BB60EF-EAE1-4E80-8E71-F1E465755C3D}.Release|Any CPU.Build.0 = Release|Any CPU
		{9CF6B6F2-0692-447C-93FF-AFBAE6462D74}.Debug|Any CPU.ActiveCfg = Debug|Any CPU
		{9CF6B6F2-0692-447C-93FF-AFBAE6462D74}.Release|Any CPU.ActiveCfg = Release|Any CPU
		{EE4D9238-F1E5-4BE6-B83E-DFD28846EBF4}.Debug|Any CPU.ActiveCfg = Debug|Any CPU
		{EE4D9238-F1E5-4BE6-B83E-DFD28846EBF4}.Debug|Any CPU.Build.0 = Debug|Any CPU
		{EE4D9238-F1E5-4BE6-B83E-DFD28846EBF4}.Release|Any CPU.ActiveCfg = Release|Any CPU
		{EE4D9238-F1E5-4BE6-B83E-DFD28846EBF4}.Release|Any CPU.Build.0 = Release|Any CPU
		{C2460D61-F733-48E4-A53A-6B875D647911}.Debug|Any CPU.ActiveCfg = Debug|Any CPU
		{C2460D61-F733-48E4-A53A-6B875D647911}.Debug|Any CPU.Build.0 = Debug|Any CPU
		{C2460D61-F733-48E4-A53A-6B875D647911}.Release|Any CPU.ActiveCfg = Release|Any CPU
		{C2460D61-F733-48E4-A53A-6B875D647911}.Release|Any CPU.Build.0 = Release|Any CPU
	EndGlobalSection
	GlobalSection(SolutionProperties) = preSolution
		HideSolutionNode = FALSE
	EndGlobalSection
	GlobalSection(ExtensibilityGlobals) = postSolution
		SolutionGuid = {97263FE6-5E2F-4B7F-B833-423CBD552AF3}
	EndGlobalSection
EndGlobal
